# This file was autogenerated by Stack.
# You should not edit this file by hand.
# For more information, please see the documentation at:
#   https://docs.haskellstack.org/en/stable/lock_files

packages:
- completed:
    size: 68992
    url: https://github.com/Montycarlo/dns/archive/1d26a12651c2f559a0d1eca43614dfe2a4560ee4.tar.gz
    name: dns
    version: 4.0.1
    sha256: 8f3d19104d6b36948d66d2e4e1cc8c18f08d19f182847daa2f98d46b9055e00a
    pantry-tree:
      size: 2565
      sha256: 38e9fee1179c7aa219f23e557451e73a2979a54d48b0820acb3d00f20e79793c
  original:
    url: https://github.com/Montycarlo/dns/archive/1d26a12651c2f559a0d1eca43614dfe2a4560ee4.tar.gz
snapshots:
- completed:
    size: 586103
    url: https://raw.githubusercontent.com/commercialhaskell/stackage-snapshots/master/lts/18/19.yaml
    sha256: 32716534fff554b7f90762130fdb985cabf29f157758934dd1c8f3892a646430
  original:
    url: https://raw.githubusercontent.com/commercialhaskell/stackage-snapshots/master/lts/18/19.yaml
